
Microsoft Visual Studio Solution File, Format Version 12.00
# Visual Studio Version 18
VisualStudioVersion = 18.1.11312.151
MinimumVisualStudioVersion = 10.0.40219.1
Project("{9A19103F-16F7-4668-BE54-9A1E7A4F7556}") = "SOLID", "SOLID\SOLID.csproj", "{FC9E95F2-A517-4283-BBEE-D65AD0F5F596}"
EndProject
Project("{9A19103F-16F7-4668-BE54-9A1E7A4F7556}") = "Lesson1-SRP", "Lesson1-SRP\Lesson1-SRP.csproj", "{A45170FA-C786-41CB-8913-3B4246A88A9A}"
EndProject
Project("{9A19103F-16F7-4668-BE54-9A1E7A4F7556}") = "Lesson2-OCP", "Lesson2-OCP\Lesson2-OCP.csproj", "{2368955E-CCAF-4EA5-8CA8-73455A643F3F}"
EndProject
Project("{9A19103F-16F7-4668-BE54-9A1E7A4F7556}") = "Lesson3-LSP", "Lesson3-LSP\Lesson3-LSP.csproj", "{47426C64-7D10-41FD-8F62-5AB0EC749263}"
EndProject
Project("{9A19103F-16F7-4668-BE54-9A1E7A4F7556}") = "Lesson4-ISP", "Lesson4-ISP\Lesson4-ISP.csproj", "{D37AED22-F683-4528-BAC2-E0D705DF1CAE}"
EndProject
Project("{9A19103F-16F7-4668-BE54-9A1E7A4F7556}") = "Lesson5-DIP", "Lesson5-DIP\Lesson5-DIP.csproj", "{E0ADA729-07F2-4718-B708-9DA21D8FBEC1}"
EndProject
Project("{2150E333-8FDC-42A3-9474-1A3956D46DE8}") = "Tests", "Tests", "{B026C972-6AE9-4B0E-AE56-FB30AE58DC71}"
EndProject
Project("{9A19103F-16F7-4668-BE54-9A1E7A4F7556}") = "Lesson1-SRP.Tests", "Lesson1-SRP.Tests\Lesson1-SRP.Tests.csproj", "{641FD11B-EFE5-46D1-9F07-356C78E101B6}"
EndProject
Project("{9A19103F-16F7-4668-BE54-9A1E7A4F7556}") = "Lesson2-OCP.Tests", "Lesson2-OCP.Tests\Lesson2-OCP.Tests.csproj", "{2E47FFC9-3699-4694-8534-DFDF75C91191}"
EndProject
Project("{9A19103F-16F7-4668-BE54-9A1E7A4F7556}") = "Reports", "Reports\Reports.csproj", "{E55D382B-9362-4925-A1E9-A2DCDB0092C2}"
EndProject
Project("{9A19103F-16F7-4668-BE54-9A1E7A4F7556}") = "Report.Tests", "Report.Tests\Report.Tests.csproj", "{CAF00C45-2A1B-4328-BB2C-F9447AFACC70}"
EndProject
Project("{9A19103F-16F7-4668-BE54-9A1E7A4F7556}") = "Calculator", "Calculator\Calculator.csproj", "{E1F4F307-DC1C-4796-95FE-398A27A0C5BB}"
EndProject
Project("{9A19103F-16F7-4668-BE54-9A1E7A4F7556}") = "Calculator.Tests", "Calculator.Tests\Calculator.Tests.csproj", "{82C8B017-2642-4DE6-B4F8-34B51E5AD8F8}"
EndProject
Project("{FAE04EC0-301F-11D3-BF4B-00C04F79EFBC}") = "CalculatorApi", "CalculatorApi\CalculatorApi.csproj", "{F05796BB-0BE8-4147-AC0B-A1566B0061C9}"
EndProject
Project("{FAE04EC0-301F-11D3-BF4B-00C04F79EFBC}") = "CalculatorApi.Tests", "CalculatorApi.Tests\CalculatorApi.Tests.csproj", "{571D4B3D-E298-4557-BC47-2276F4C0194C}"
EndProject
Project("{FAE04EC0-301F-11D3-BF4B-00C04F79EFBC}") = "Calculator.WebRazor", "Calculator.WebRazor\Calculator.WebRazor.csproj", "{43126C73-1DF4-47B5-9BDC-87D64FED9B6B}"
EndProject
Project("{FAE04EC0-301F-11D3-BF4B-00C04F79EFBC}") = "Calculator.Contracts", "Calculator.Contracts\Calculator.Contracts.csproj", "{DB39CDFE-DD07-49AC-A542-FB91F9C698C2}"
EndProject
Project("{FAE04EC0-301F-11D3-BF4B-00C04F79EFBC}") = "Calculator.BlazorServer", "Calculator.BlazorServer\Calculator.BlazorServer.csproj", "{B8DB279B-78FA-4D38-A4E2-556183CC96CF}"
EndProject
Project("{FAE04EC0-301F-11D3-BF4B-00C04F79EFBC}") = "Calculator.BlazorWebAssembly", "Calculator.BlazorWebAssembly\Calculator.BlazorWebAssembly\Calculator.BlazorWebAssembly.csproj", "{459D4A03-4FF1-4D81-8B2F-F18CCAF6889F}"
EndProject
Project("{FAE04EC0-301F-11D3-BF4B-00C04F79EFBC}") = "Calculator.BlazorWebAssembly.Client", "Calculator.BlazorWebAssembly\Calculator.BlazorWebAssembly.Client\Calculator.BlazorWebAssembly.Client.csproj", "{5B548C47-0193-4449-9727-DB0D1854B9D1}"
EndProject
Global
	GlobalSection(SolutionConfigurationPlatforms) = preSolution
		Debug|Any CPU = Debug|Any CPU
		Release|Any CPU = Release|Any CPU
	EndGlobalSection
	GlobalSection(ProjectConfigurationPlatforms) = postSolution
		{FC9E95F2-A517-4283-BBEE-D65AD0F5F596}.Debug|Any CPU.ActiveCfg = Debug|Any CPU
		{FC9E95F2-A517-4283-BBEE-D65AD0F5F596}.Debug|Any CPU.Build.0 = Debug|Any CPU
		{FC9E95F2-A517-4283-BBEE-D65AD0F5F596}.Release|Any CPU.ActiveCfg = Release|Any CPU
		{FC9E95F2-A517-4283-BBEE-D65AD0F5F596}.Release|Any CPU.Build.0 = Release|Any CPU
		{A45170FA-C786-41CB-8913-3B4246A88A9A}.Debug|Any CPU.ActiveCfg = Debug|Any CPU
		{A45170FA-C786-41CB-8913-3B4246A88A9A}.Debug|Any CPU.Build.0 = Debug|Any CPU
		{A45170FA-C786-41CB-8913-3B4246A88A9A}.Release|Any CPU.ActiveCfg = Release|Any CPU
		{A45170FA-C786-41CB-8913-3B4246A88A9A}.Release|Any CPU.Build.0 = Release|Any CPU
		{2368955E-CCAF-4EA5-8CA8-73455A643F3F}.Debug|Any CPU.ActiveCfg = Debug|Any CPU
		{2368955E-CCAF-4EA5-8CA8-73455A643F3F}.Debug|Any CPU.Build.0 = Debug|Any CPU
		{2368955E-CCAF-4EA5-8CA8-73455A643F3F}.Release|Any CPU.ActiveCfg = Release|Any CPU
		{2368955E-CCAF-4EA5-8CA8-73455A643F3F}.Release|Any CPU.Build.0 = Release|Any CPU
		{47426C64-7D10-41FD-8F62-5AB0EC749263}.Debug|Any CPU.ActiveCfg = Debug|Any CPU
		{47426C64-7D10-41FD-8F62-5AB0EC749263}.Debug|Any CPU.Build.0 = Debug|Any CPU
		{47426C64-7D10-41FD-8F62-5AB0EC749263}.Release|Any CPU.ActiveCfg = Release|Any CPU
		{47426C64-7D10-41FD-8F62-5AB0EC749263}.Release|Any CPU.Build.0 = Release|Any CPU
		{D37AED22-F683-4528-BAC2-E0D705DF1CAE}.Debug|Any CPU.ActiveCfg = Debug|Any CPU
		{D37AED22-F683-4528-BAC2-E0D705DF1CAE}.Debug|Any CPU.Build.0 = Debug|Any CPU
		{D37AED22-F683-4528-BAC2-E0D705DF1CAE}.Release|Any CPU.ActiveCfg = Release|Any CPU
		{D37AED22-F683-4528-BAC2-E0D705DF1CAE}.Release|Any CPU.Build.0 = Release|Any CPU
		{E0ADA729-07F2-4718-B708-9DA21D8FBEC1}.Debug|Any CPU.ActiveCfg = Debug|Any CPU
		{E0ADA729-07F2-4718-B708-9DA21D8FBEC1}.Debug|Any CPU.Build.0 = Debug|Any CPU
		{E0ADA729-07F2-4718-B708-9DA21D8FBEC1}.Release|Any CPU.ActiveCfg = Release|Any CPU
		{E0ADA729-07F2-4718-B708-9DA21D8FBEC1}.Release|Any CPU.Build.0 = Release|Any CPU
		{641FD11B-EFE5-46D1-9F07-356C78E101B6}.Debug|Any CPU.ActiveCfg = Debug|Any CPU
		{641FD11B-EFE5-46D1-9F07-356C78E101B6}.Debug|Any CPU.Build.0 = Debug|Any CPU
		{641FD11B-EFE5-46D1-9F07-356C78E101B6}.Release|Any CPU.ActiveCfg = Release|Any CPU
		{641FD11B-EFE5-46D1-9F07-356C78E101B6}.Release|Any CPU.Build.0 = Release|Any CPU
		{2E47FFC9-3699-4694-8534-DFDF75C91191}.Debug|Any CPU.ActiveCfg = Debug|Any CPU
		{2E47FFC9-3699-4694-8534-DFDF75C91191}.Debug|Any CPU.Build.0 = Debug|Any CPU
		{2E47FFC9-3699-4694-8534-DFDF75C91191}.Release|Any CPU.ActiveCfg = Release|Any CPU
		{2E47FFC9-3699-4694-8534-DFDF75C91191}.Release|Any CPU.Build.0 = Release|Any CPU
		{E55D382B-9362-4925-A1E9-A2DCDB0092C2}.Debug|Any CPU.ActiveCfg = Debug|Any CPU
		{E55D382B-9362-4925-A1E9-A2DCDB0092C2}.Debug|Any CPU.Build.0 = Debug|Any CPU
		{E55D382B-9362-4925-A1E9-A2DCDB0092C2}.Release|Any CPU.ActiveCfg = Release|Any CPU
		{E55D382B-9362-4925-A1E9-A2DCDB0092C2}.Release|Any CPU.Build.0 = Release|Any CPU
		{CAF00C45-2A1B-4328-BB2C-F9447AFACC70}.Debug|Any CPU.ActiveCfg = Debug|Any CPU
		{CAF00C45-2A1B-4328-BB2C-F9447AFACC70}.Debug|Any CPU.Build.0 = Debug|Any CPU
		{CAF00C45-2A1B-4328-BB2C-F9447AFACC70}.Release|Any CPU.ActiveCfg = Release|Any CPU
		{CAF00C45-2A1B-4328-BB2C-F9447AFACC70}.Release|Any CPU.Build.0 = Release|Any CPU
		{E1F4F307-DC1C-4796-95FE-398A27A0C5BB}.Debug|Any CPU.ActiveCfg = Debug|Any CPU
		{E1F4F307-DC1C-4796-95FE-398A27A0C5BB}.Debug|Any CPU.Build.0 = Debug|Any CPU
		{E1F4F307-DC1C-4796-95FE-398A27A0C5BB}.Release|Any CPU.ActiveCfg = Release|Any CPU
		{E1F4F307-DC1C-4796-95FE-398A27A0C5BB}.Release|Any CPU.Build.0 = Release|Any CPU
		{82C8B017-2642-4DE6-B4F8-34B51E5AD8F8}.Debug|Any CPU.ActiveCfg = Debug|Any CPU
		{82C8B017-2642-4DE6-B4F8-34B51E5AD8F8}.Debug|Any CPU.Build.0 = Debug|Any CPU
		{82C8B017-2642-4DE6-B4F8-34B51E5AD8F8}.Release|Any CPU.ActiveCfg = Release|Any CPU
		{82C8B017-2642-4DE6-B4F8-34B51E5AD8F8}.Release|Any CPU.Build.0 = Release|Any CPU
		{F05796BB-0BE8-4147-AC0B-A1566B0061C9}.Debug|Any CPU.ActiveCfg = Debug|Any CPU
		{F05796BB-0BE8-4147-AC0B-A1566B0061C9}.Debug|Any CPU.Build.0 = Debug|Any CPU
		{F05796BB-0BE8-4147-AC0B-A1566B0061C9}.Release|Any CPU.ActiveCfg = Release|Any CPU
		{F05796BB-0BE8-4147-AC0B-A1566B0061C9}.Release|Any CPU.Build.0 = Release|Any CPU
		{571D4B3D-E298-4557-BC47-2276F4C0194C}.Debug|Any CPU.ActiveCfg = Debug|Any CPU
		{571D4B3D-E298-4557-BC47-2276F4C0194C}.Debug|Any CPU.Build.0 = Debug|Any CPU
		{571D4B3D-E298-4557-BC47-2276F4C0194C}.Release|Any CPU.ActiveCfg = Release|Any CPU
		{571D4B3D-E298-4557-BC47-2276F4C0194C}.Release|Any CPU.Build.0 = Release|Any CPU
		{43126C73-1DF4-47B5-9BDC-87D64FED9B6B}.Debug|Any CPU.ActiveCfg = Debug|Any CPU
		{43126C73-1DF4-47B5-9BDC-87D64FED9B6B}.Debug|Any CPU.Build.0 = Debug|Any CPU
		{43126C73-1DF4-47B5-9BDC-87D64FED9B6B}.Release|Any CPU.ActiveCfg = Release|Any CPU
		{43126C73-1DF4-47B5-9BDC-87D64FED9B6B}.Release|Any CPU.Build.0 = Release|Any CPU
		{DB39CDFE-DD07-49AC-A542-FB91F9C698C2}.Debug|Any CPU.ActiveCfg = Debug|Any CPU
		{DB39CDFE-DD07-49AC-A542-FB91F9C698C2}.Debug|Any CPU.Build.0 = Debug|Any CPU
		{DB39CDFE-DD07-49AC-A542-FB91F9C698C2}.Release|Any CPU.ActiveCfg = Release|Any CPU
		{DB39CDFE-DD07-49AC-A542-FB91F9C698C2}.Release|Any CPU.Build.0 = Release|Any CPU
		{B8DB279B-78FA-4D38-A4E2-556183CC96CF}.Debug|Any CPU.ActiveCfg = Debug|Any CPU
		{B8DB279B-78FA-4D38-A4E2-556183CC96CF}.Debug|Any CPU.Build.0 = Debug|Any CPU
		{B8DB279B-78FA-4D38-A4E2-556183CC96CF}.Release|Any CPU.ActiveCfg = Release|Any CPU
		{B8DB279B-78FA-4D38-A4E2-556183CC96CF}.Release|Any CPU.Build.0 = Release|Any CPU
		{459D4A03-4FF1-4D81-8B2F-F18CCAF6889F}.Debug|Any CPU.ActiveCfg = Debug|Any CPU
		{459D4A03-4FF1-4D81-8B2F-F18CCAF6889F}.Debug|Any CPU.Build.0 = Debug|Any CPU
		{459D4A03-4FF1-4D81-8B2F-F18CCAF6889F}.Release|Any CPU.ActiveCfg = Release|Any CPU
		{459D4A03-4FF1-4D81-8B2F-F18CCAF6889F}.Release|Any CPU.Build.0 = Release|Any CPU
		{5B548C47-0193-4449-9727-DB0D1854B9D1}.Debug|Any CPU.ActiveCfg = Debug|Any CPU
		{5B548C47-0193-4449-9727-DB0D1854B9D1}.Debug|Any CPU.Build.0 = Debug|Any CPU
		{5B548C47-0193-4449-9727-DB0D1854B9D1}.Release|Any CPU.ActiveCfg = Release|Any CPU
		{5B548C47-0193-4449-9727-DB0D1854B9D1}.Release|Any CPU.Build.0 = Release|Any CPU
	EndGlobalSection
	GlobalSection(SolutionProperties) = preSolution
		HideSolutionNode = FALSE
	EndGlobalSection
	GlobalSection(NestedProjects) = preSolution
		{641FD11B-EFE5-46D1-9F07-356C78E101B6} = {B026C972-6AE9-4B0E-AE56-FB30AE58DC71}
		{2E47FFC9-3699-4694-8534-DFDF75C91191} = {B026C972-6AE9-4B0E-AE56-FB30AE58DC71}
		{CAF00C45-2A1B-4328-BB2C-F9447AFACC70} = {B026C972-6AE9-4B0E-AE56-FB30AE58DC71}
		{82C8B017-2642-4DE6-B4F8-34B51E5AD8F8} = {B026C972-6AE9-4B0E-AE56-FB30AE58DC71}
		{571D4B3D-E298-4557-BC47-2276F4C0194C} = {B026C972-6AE9-4B0E-AE56-FB30AE58DC71}
	EndGlobalSection
	GlobalSection(ExtensibilityGlobals) = postSolution
		SolutionGuid = {06D4C238-5C66-46B4-B9AF-1B44E87FF3CA}
	EndGlobalSection
EndGlobal
